
Microsoft Visual Studio Solution File, Format Version 12.00
# Visual Studio Version 17
VisualStudioVersion = 17.9.34622.214
MinimumVisualStudioVersion = 10.0.40219.1
Project("{FAE04EC0-301F-11D3-BF4B-00C04F79EFBC}") = "TasksAPI", "TasksAPI.csproj", "{71F50F5E-9BF6-48E6-A5A7-B1CB4D465E89}"
EndProject
Global
	GlobalSection(SolutionConfigurationPlatforms) = preSolution
		Debug|Any CPU = Debug|Any CPU
		Release|Any CPU = Release|Any CPU
	EndGlobalSection
	GlobalSection(ProjectConfigurationPlatforms) = postSolution
		{71F50F5E-9BF6-48E6-A5A7-B1CB4D465E89}.Debug|Any CPU.ActiveCfg = Debug|Any CPU
		{71F50F5E-9BF6-48E6-A5A7-B1CB4D465E89}.Debug|Any CPU.Build.0 = Debug|Any CPU
		{71F50F5E-9BF6-48E6-A5A7-B1CB4D465E89}.Release|Any CPU.ActiveCfg = Release|Any CPU
		{71F50F5E-9BF6-48E6-A5A7-B1CB4D465E89}.Release|Any CPU.Build.0 = Release|Any CPU
	EndGlobalSection
	GlobalSection(SolutionProperties) = preSolution
		HideSolutionNode = FALSE
	EndGlobalSection
	GlobalSection(ExtensibilityGlobals) = postSolution
		SolutionGuid = {7AA60C3B-9176-436E-AD68-B5E04F5C3F58}
	EndGlobalSection
EndGlobal
